// !$*UTF8*$!
{
	archiveVersion = 1;
	classes = {
	};
	objectVersion = 50;
	objects = {

/* Begin PBXBuildFile section */
		D5CC429F22B6A19D00012251 /* oinoriTemplete.swift in Sources */ = {isa = PBXBuildFile; fileRef = D5CC429E22B6A19D00012251 /* oinoriTemplete.swift */; };
		D5CC42A122B6A20D00012251 /* RealmSwift.framework in Frameworks */ = {isa = PBXBuildFile; fileRef = D5CC42A022B6A20D00012251 /* RealmSwift.framework */; };
		D5CC42A322B6A21100012251 /* Realm.framework in Frameworks */ = {isa = PBXBuildFile; fileRef = D5CC42A222B6A21100012251 /* Realm.framework */; };
		D5CC42A622B6A3E000012251 /* omedetoTemplete.swift in Sources */ = {isa = PBXBuildFile; fileRef = D5CC42A522B6A3E000012251 /* omedetoTemplete.swift */; };
		D5CC42A922B6A47400012251 /* oinori.csv in Resources */ = {isa = PBXBuildFile; fileRef = D5CC42A822B6A47400012251 /* oinori.csv */; };
		D5CC42AB22B6A49700012251 /* omedeto.csv in Resources */ = {isa = PBXBuildFile; fileRef = D5CC42AA22B6A49700012251 /* omedeto.csv */; };
		D5D5659622B66DB500240BD9 /* AppDelegate.swift in Sources */ = {isa = PBXBuildFile; fileRef = D5D5659522B66DB500240BD9 /* AppDelegate.swift */; };
		D5D5659822B66DB500240BD9 /* ViewController.swift in Sources */ = {isa = PBXBuildFile; fileRef = D5D5659722B66DB500240BD9 /* ViewController.swift */; };
		D5D5659B22B66DB500240BD9 /* Main.storyboard in Resources */ = {isa = PBXBuildFile; fileRef = D5D5659922B66DB500240BD9 /* Main.storyboard */; };
		D5D5659D22B66DB800240BD9 /* Assets.xcassets in Resources */ = {isa = PBXBuildFile; fileRef = D5D5659C22B66DB800240BD9 /* Assets.xcassets */; };
		D5D565A022B66DB800240BD9 /* LaunchScreen.storyboard in Resources */ = {isa = PBXBuildFile; fileRef = D5D5659E22B66DB800240BD9 /* LaunchScreen.storyboard */; };
		D5D565AA22B66ECB00240BD9 /* UISwitchMini.swift in Sources */ = {isa = PBXBuildFile; fileRef = D5D565A922B66ECB00240BD9 /* UISwitchMini.swift */; };
		F46E1156E182EC4A9543D1E2 /* Pods_oinori.framework in Frameworks */ = {isa = PBXBuildFile; fileRef = 23D2D1A8E67D3307817A682B /* Pods_oinori.framework */; };
/* End PBXBuildFile section */

/* Begin PBXFileReference section */
		23D2D1A8E67D3307817A682B /* Pods_oinori.framework */ = {isa = PBXFileReference; explicitFileType = wrapper.framework; includeInIndex = 0; path = Pods_oinori.framework; sourceTree = BUILT_PRODUCTS_DIR; };
		2ED9A345A2B471B497FC3155 /* Pods-oinori.release.xcconfig */ = {isa = PBXFileReference; includeInIndex = 1; lastKnownFileType = text.xcconfig; name = "Pods-oinori.release.xcconfig"; path = "Pods/Target Support Files/Pods-oinori/Pods-oinori.release.xcconfig"; sourceTree = "<group>"; };
		A9AB00FE71C9DCCF67836157 /* Pods-oinori.debug.xcconfig */ = {isa = PBXFileReference; includeInIndex = 1; lastKnownFileType = text.xcconfig; name = "Pods-oinori.debug.xcconfig"; path = "Pods/Target Support Files/Pods-oinori/Pods-oinori.debug.xcconfig"; sourceTree = "<group>"; };
		D5CC429E22B6A19D00012251 /* oinoriTemplete.swift */ = {isa = PBXFileReference; lastKnownFileType = sourcecode.swift; path = oinoriTemplete.swift; sourceTree = "<group>"; };
		D5CC42A022B6A20D00012251 /* RealmSwift.framework */ = {isa = PBXFileReference; explicitFileType = wrapper.framework; path = RealmSwift.framework; sourceTree = BUILT_PRODUCTS_DIR; };
		D5CC42A222B6A21100012251 /* Realm.framework */ = {isa = PBXFileReference; explicitFileType = wrapper.framework; path = Realm.framework; sourceTree = BUILT_PRODUCTS_DIR; };
		D5CC42A522B6A3E000012251 /* omedetoTemplete.swift */ = {isa = PBXFileReference; lastKnownFileType = sourcecode.swift; path = omedetoTemplete.swift; sourceTree = "<group>"; };
		D5CC42A822B6A47400012251 /* oinori.csv */ = {isa = PBXFileReference; lastKnownFileType = text; path = oinori.csv; sourceTree = "<group>"; };
		D5CC42AA22B6A49700012251 /* omedeto.csv */ = {isa = PBXFileReference; lastKnownFileType = text; path = omedeto.csv; sourceTree = "<group>"; };
		D5D5659222B66DB500240BD9 /* oinori.app */ = {isa = PBXFileReference; explicitFileType = wrapper.application; includeInIndex = 0; path = oinori.app; sourceTree = BUILT_PRODUCTS_DIR; };
		D5D5659522B66DB500240BD9 /* AppDelegate.swift */ = {isa = PBXFileReference; lastKnownFileType = sourcecode.swift; path = AppDelegate.swift; sourceTree = "<group>"; };
		D5D5659722B66DB500240BD9 /* ViewController.swift */ = {isa = PBXFileReference; lastKnownFileType = sourcecode.swift; path = ViewController.swift; sourceTree = "<group>"; };
		D5D5659A22B66DB500240BD9 /* Base */ = {isa = PBXFileReference; lastKnownFileType = file.storyboard; name = Base; path = Base.lproj/Main.storyboard; sourceTree = "<group>"; };
		D5D5659C22B66DB800240BD9 /* Assets.xcassets */ = {isa = PBXFileReference; lastKnownFileType = folder.assetcatalog; path = Assets.xcassets; sourceTree = "<group>"; };
		D5D5659F22B66DB800240BD9 /* Base */ = {isa = PBXFileReference; lastKnownFileType = file.storyboard; name = Base; path = Base.lproj/LaunchScreen.storyboard; sourceTree = "<group>"; };
		D5D565A122B66DB800240BD9 /* Info.plist */ = {isa = PBXFileReference; lastKnownFileType = text.plist.xml; path = Info.plist; sourceTree = "<group>"; };
		D5D565A922B66ECB00240BD9 /* UISwitchMini.swift */ = {isa = PBXFileReference; lastKnownFileType = sourcecode.swift; path = UISwitchMini.swift; sourceTree = "<group>"; };
/* End PBXFileReference section */

/* Begin PBXFrameworksBuildPhase section */
		D5D5658F22B66DB500240BD9 /* Frameworks */ = {
			isa = PBXFrameworksBuildPhase;
			buildActionMask = 2147483647;
			files = (
				D5CC42A322B6A21100012251 /* Realm.framework in Frameworks */,
				D5CC42A122B6A20D00012251 /* RealmSwift.framework in Frameworks */,
				F46E1156E182EC4A9543D1E2 /* Pods_oinori.framework in Frameworks */,
			);
			runOnlyForDeploymentPostprocessing = 0;
		};
/* End PBXFrameworksBuildPhase section */

/* Begin PBXGroup section */
		25A83ABA859789553CFF98DD /* Frameworks */ = {
			isa = PBXGroup;
			children = (
				D5CC42A222B6A21100012251 /* Realm.framework */,
				D5CC42A022B6A20D00012251 /* RealmSwift.framework */,
				23D2D1A8E67D3307817A682B /* Pods_oinori.framework */,
			);
			name = Frameworks;
			sourceTree = "<group>";
		};
		600E02682F7EA19AD283DC0A /* Pods */ = {
			isa = PBXGroup;
			children = (
				A9AB00FE71C9DCCF67836157 /* Pods-oinori.debug.xcconfig */,
				2ED9A345A2B471B497FC3155 /* Pods-oinori.release.xcconfig */,
			);
			name = Pods;
			sourceTree = "<group>";
		};
		D5CC429D22B6A17500012251 /* model */ = {
			isa = PBXGroup;
			children = (
				D5CC429E22B6A19D00012251 /* oinoriTemplete.swift */,
				D5CC42A522B6A3E000012251 /* omedetoTemplete.swift */,
			);
			path = model;
			sourceTree = "<group>";
		};
		D5CC42A422B6A2B100012251 /* view */ = {
			isa = PBXGroup;
			children = (
				D5D5659722B66DB500240BD9 /* ViewController.swift */,
			);
			path = view;
			sourceTree = "<group>";
		};
		D5CC42A722B6A44F00012251 /* csv */ = {
			isa = PBXGroup;
			children = (
				D5CC42A822B6A47400012251 /* oinori.csv */,
				D5CC42AA22B6A49700012251 /* omedeto.csv */,
			);
			path = csv;
			sourceTree = "<group>";
		};
		D5D5658922B66DB500240BD9 = {
			isa = PBXGroup;
			children = (
				D5D5659422B66DB500240BD9 /* oinori */,
				D5D5659322B66DB500240BD9 /* Products */,
				600E02682F7EA19AD283DC0A /* Pods */,
				25A83ABA859789553CFF98DD /* Frameworks */,
			);
			sourceTree = "<group>";
		};
		D5D5659322B66DB500240BD9 /* Products */ = {
			isa = PBXGroup;
			children = (
				D5D5659222B66DB500240BD9 /* oinori.app */,
			);
			name = Products;
			sourceTree = "<group>";
		};
		D5D5659422B66DB500240BD9 /* oinori */ = {
			isa = PBXGroup;
			children = (
				D5CC42A722B6A44F00012251 /* csv */,
				D5D565A822B66E9E00240BD9 /* uiswitch */,
				D5CC42A422B6A2B100012251 /* view */,
				D5CC429D22B6A17500012251 /* model */,
				D5D5659522B66DB500240BD9 /* AppDelegate.swift */,
				D5D5659922B66DB500240BD9 /* Main.storyboard */,
				D5D5659C22B66DB800240BD9 /* Assets.xcassets */,
				D5D5659E22B66DB800240BD9 /* LaunchScreen.storyboard */,
				D5D565A122B66DB800240BD9 /* Info.plist */,
			);
			path = oinori;
			sourceTree = "<group>";
		};
		D5D565A822B66E9E00240BD9 /* uiswitch */ = {
			isa = PBXGroup;
			children = (
				D5D565A922B66ECB00240BD9 /* UISwitchMini.swift */,
			);
			path = uiswitch;
			sourceTree = "<group>";
		};
/* End PBXGroup section */

/* Begin PBXNativeTarget section */
		D5D5659122B66DB500240BD9 /* oinori */ = {
			isa = PBXNativeTarget;
			buildConfigurationList = D5D565A422B66DB800240BD9 /* Build configuration list for PBXNativeTarget "oinori" */;
			buildPhases = (
				EDF83706B63CC517A93625D9 /* [CP] Check Pods Manifest.lock */,
				D5D5658E22B66DB500240BD9 /* Sources */,
				D5D5658F22B66DB500240BD9 /* Frameworks */,
				D5D5659022B66DB500240BD9 /* Resources */,
				20087D924DA3F643D2AE70A8 /* [CP] Embed Pods Frameworks */,
			);
			buildRules = (
			);
			dependencies = (
			);
			name = oinori;
			productName = oinori;
			productReference = D5D5659222B66DB500240BD9 /* oinori.app */;
			productType = "com.apple.product-type.application";
		};
/* End PBXNativeTarget section */

/* Begin PBXProject section */
		D5D5658A22B66DB500240BD9 /* Project object */ = {
			isa = PBXProject;
			attributes = {
				LastSwiftUpdateCheck = 1020;
				LastUpgradeCheck = 1020;
				ORGANIZATIONNAME = yodaaa;
				TargetAttributes = {
					D5D5659122B66DB500240BD9 = {
						CreatedOnToolsVersion = 10.2.1;
					};
				};
			};
			buildConfigurationList = D5D5658D22B66DB500240BD9 /* Build configuration list for PBXProject "oinori" */;
			compatibilityVersion = "Xcode 9.3";
			developmentRegion = en;
			hasScannedForEncodings = 0;
			knownRegions = (
				en,
				Base,
			);
			mainGroup = D5D5658922B66DB500240BD9;
			productRefGroup = D5D5659322B66DB500240BD9 /* Products */;
			projectDirPath = "";
			projectRoot = "";
			targets = (
				D5D5659122B66DB500240BD9 /* oinori */,
			);
		};
/* End PBXProject section */

/* Begin PBXResourcesBuildPhase section */
		D5D5659022B66DB500240BD9 /* Resources */ = {
			isa = PBXResourcesBuildPhase;
			buildActionMask = 2147483647;
			files = (
				D5CC42A922B6A47400012251 /* oinori.csv in Resources */,
				D5D565A022B66DB800240BD9 /* LaunchScreen.storyboard in Resources */,
				D5CC42AB22B6A49700012251 /* omedeto.csv in Resources */,
				D5D5659D22B66DB800240BD9 /* Assets.xcassets in Resources */,
				D5D5659B22B66DB500240BD9 /* Main.storyboard in Resources */,
			);
			runOnlyForDeploymentPostprocessing = 0;
		};
/* End PBXResourcesBuildPhase section */

/* Begin PBXShellScriptBuildPhase section */
		20087D924DA3F643D2AE70A8 /* [CP] Embed Pods Frameworks */ = {
			isa = PBXShellScriptBuildPhase;
			buildActionMask = 2147483647;
			files = (
			);
			inputPaths = (
				"${SRCROOT}/Pods/Target Support Files/Pods-oinori/Pods-oinori-frameworks.sh",
				"${BUILT_PRODUCTS_DIR}/RAMPaperSwitch/RAMPaperSwitch.framework",
				"${BUILT_PRODUCTS_DIR}/Realm/Realm.framework",
				"${BUILT_PRODUCTS_DIR}/RealmSwift/RealmSwift.framework",
			);
			name = "[CP] Embed Pods Frameworks";
			outputPaths = (
				"${TARGET_BUILD_DIR}/${FRAMEWORKS_FOLDER_PATH}/RAMPaperSwitch.framework",
				"${TARGET_BUILD_DIR}/${FRAMEWORKS_FOLDER_PATH}/Realm.framework",
				"${TARGET_BUILD_DIR}/${FRAMEWORKS_FOLDER_PATH}/RealmSwift.framework",
			);
			runOnlyForDeploymentPostprocessing = 0;
			shellPath = /bin/sh;
			shellScript = "\"${SRCROOT}/Pods/Target Support Files/Pods-oinori/Pods-oinori-frameworks.sh\"\n";
			showEnvVarsInLog = 0;
		};
		EDF83706B63CC517A93625D9 /* [CP] Check Pods Manifest.lock */ = {
			isa = PBXShellScriptBuildPhase;
			buildActionMask = 2147483647;
			files = (
			);
			inputPaths = (
				"${PODS_PODFILE_DIR_PATH}/Podfile.lock",
				"${PODS_ROOT}/Manifest.lock",
			);
			name = "[CP] Check Pods Manifest.lock";
			outputPaths = (
				"$(DERIVED_FILE_DIR)/Pods-oinori-checkManifestLockResult.txt",
			);
			runOnlyForDeploymentPostprocessing = 0;
			shellPath = /bin/sh;
			shellScript = "diff \"${PODS_PODFILE_DIR_PATH}/Podfile.lock\" \"${PODS_ROOT}/Manifest.lock\" > /dev/null\nif [ $? != 0 ] ; then\n    # print error to STDERR\n    echo \"error: The sandbox is not in sync with the Podfile.lock. Run 'pod install' or update your CocoaPods installation.\" >&2\n    exit 1\nfi\n# This output is used by Xcode 'outputs' to avoid re-running this script phase.\necho \"SUCCESS\" > \"${SCRIPT_OUTPUT_FILE_0}\"\n";
			showEnvVarsInLog = 0;
		};
/* End PBXShellScriptBuildPhase section */

/* Begin PBXSourcesBuildPhase section */
		D5D5658E22B66DB500240BD9 /* Sources */ = {
			isa = PBXSourcesBuildPhase;
			buildActionMask = 2147483647;
			files = (
				D5D5659822B66DB500240BD9 /* ViewController.swift in Sources */,
				D5CC42A622B6A3E000012251 /* omedetoTemplete.swift in Sources */,
				D5D5659622B66DB500240BD9 /* AppDelegate.swift in Sources */,
				D5D565AA22B66ECB00240BD9 /* UISwitchMini.swift in Sources */,
				D5CC429F22B6A19D00012251 /* oinoriTemplete.swift in Sources */,
			);
			runOnlyForDeploymentPostprocessing = 0;
		};
/* End PBXSourcesBuildPhase section */

/* Begin PBXVariantGroup section */
		D5D5659922B66DB500240BD9 /* Main.storyboard */ = {
			isa = PBXVariantGroup;
			children = (
				D5D5659A22B66DB500240BD9 /* Base */,
			);
			name = Main.storyboard;
			sourceTree = "<group>";
		};
		D5D5659E22B66DB800240BD9 /* LaunchScreen.storyboard */ = {
			isa = PBXVariantGroup;
			children = (
				D5D5659F22B66DB800240BD9 /* Base */,
			);
			name = LaunchScreen.storyboard;
			sourceTree = "<group>";
		};
/* End PBXVariantGroup section */

/* Begin XCBuildConfiguration section */
		D5D565A222B66DB800240BD9 /* Debug */ = {
			isa = XCBuildConfiguration;
			buildSettings = {
				ALWAYS_SEARCH_USER_PATHS = NO;
				CLANG_ANALYZER_NONNULL = YES;
				CLANG_ANALYZER_NUMBER_OBJECT_CONVERSION = YES_AGGRESSIVE;
				CLANG_CXX_LANGUAGE_STANDARD = "gnu++14";
				CLANG_CXX_LIBRARY = "libc++";
				CLANG_ENABLE_MODULES = YES;
				CLANG_ENABLE_OBJC_ARC = YES;
				CLANG_ENABLE_OBJC_WEAK = YES;
				CLANG_WARN_BLOCK_CAPTURE_AUTORELEASING = YES;
				CLANG_WARN_BOOL_CONVERSION = YES;
				CLANG_WARN_COMMA = YES;
				CLANG_WARN_CONSTANT_CONVERSION = YES;
				CLANG_WARN_DEPRECATED_OBJC_IMPLEMENTATIONS = YES;
				CLANG_WARN_DIRECT_OBJC_ISA_USAGE = YES_ERROR;
				CLANG_WARN_DOCUMENTATION_COMMENTS = YES;
				CLANG_WARN_EMPTY_BODY = YES;
				CLANG_WARN_ENUM_CONVERSION = YES;
				CLANG_WARN_INFINITE_RECURSION = YES;
				CLANG_WARN_INT_CONVERSION = YES;
				CLANG_WARN_NON_LITERAL_NULL_CONVERSION = YES;
				CLANG_WARN_OBJC_IMPLICIT_RETAIN_SELF = YES;
				CLANG_WARN_OBJC_LITERAL_CONVERSION = YES;
				CLANG_WARN_OBJC_ROOT_CLASS = YES_ERROR;
				CLANG_WARN_RANGE_LOOP_ANALYSIS = YES;
				CLANG_WARN_STRICT_PROTOTYPES = YES;
				CLANG_WARN_SUSPICIOUS_MOVE = YES;
				CLANG_WARN_UNGUARDED_AVAILABILITY = YES_AGGRESSIVE;
				CLANG_WARN_UNREACHABLE_CODE = YES;
				CLANG_WARN__DUPLICATE_METHOD_MATCH = YES;
				CODE_SIGN_IDENTITY = "iPhone Developer";
				COPY_PHASE_STRIP = NO;
				DEBUG_INFORMATION_FORMAT = dwarf;
				ENABLE_STRICT_OBJC_MSGSEND = YES;
				ENABLE_TESTABILITY = YES;
				GCC_C_LANGUAGE_STANDARD = gnu11;
				GCC_DYNAMIC_NO_PIC = NO;
				GCC_NO_COMMON_BLOCKS = YES;
				GCC_OPTIMIZATION_LEVEL = 0;
				GCC_PREPROCESSOR_DEFINITIONS = (
					"DEBUG=1",
					"$(inherited)",
				);
				GCC_WARN_64_TO_32_BIT_CONVERSION = YES;
				GCC_WARN_ABOUT_RETURN_TYPE = YES_ERROR;
				GCC_WARN_UNDECLARED_SELECTOR = YES;
				GCC_WARN_UNINITIALIZED_AUTOS = YES_AGGRESSIVE;
				GCC_WARN_UNUSED_FUNCTION = YES;
				GCC_WARN_UNUSED_VARIABLE = YES;
				IPHONEOS_DEPLOYMENT_TARGET = 12.2;
				MTL_ENABLE_DEBUG_INFO = INCLUDE_SOURCE;
				MTL_FAST_MATH = YES;
				ONLY_ACTIVE_ARCH = YES;
				SDKROOT = iphoneos;
				SWIFT_ACTIVE_COMPILATION_CONDITIONS = DEBUG;
				SWIFT_OPTIMIZATION_LEVEL = "-Onone";
			};
			name = Debug;
		};
		D5D565A322B66DB800240BD9 /* Release */ = {
			isa = XCBuildConfiguration;
			buildSettings = {
				ALWAYS_SEARCH_USER_PATHS = NO;
				CLANG_ANALYZER_NONNULL = YES;
				CLANG_ANALYZER_NUMBER_OBJECT_CONVERSION = YES_AGGRESSIVE;
				CLANG_CXX_LANGUAGE_STANDARD = "gnu++14";
				CLANG_CXX_LIBRARY = "libc++";
				CLANG_ENABLE_MODULES = YES;
				CLANG_ENABLE_OBJC_ARC = YES;
				CLANG_ENABLE_OBJC_WEAK = YES;
				CLANG_WARN_BLOCK_CAPTURE_AUTORELEASING = YES;
				CLANG_WARN_BOOL_CONVERSION = YES;
				CLANG_WARN_COMMA = YES;
				CLANG_WARN_CONSTANT_CONVERSION = YES;
				CLANG_WARN_DEPRECATED_OBJC_IMPLEMENTATIONS = YES;
				CLANG_WARN_DIRECT_OBJC_ISA_USAGE = YES_ERROR;
				CLANG_WARN_DOCUMENTATION_COMMENTS = YES;
				CLANG_WARN_EMPTY_BODY = YES;
				CLANG_WARN_ENUM_CONVERSION = YES;
				CLANG_WARN_INFINITE_RECURSION = YES;
				CLANG_WARN_INT_CONVERSION = YES;
				CLANG_WARN_NON_LITERAL_NULL_CONVERSION = YES;
				CLANG_WARN_OBJC_IMPLICIT_RETAIN_SELF = YES;
				CLANG_WARN_OBJC_LITERAL_CONVERSION = YES;
				CLANG_WARN_OBJC_ROOT_CLASS = YES_ERROR;
				CLANG_WARN_RANGE_LOOP_ANALYSIS = YES;
				CLANG_WARN_STRICT_PROTOTYPES = YES;
				CLANG_WARN_SUSPICIOUS_MOVE = YES;
				CLANG_WARN_UNGUARDED_AVAILABILITY = YES_AGGRESSIVE;
				CLANG_WARN_UNREACHABLE_CODE = YES;
				CLANG_WARN__DUPLICATE_METHOD_MATCH = YES;
				CODE_SIGN_IDENTITY = "iPhone Developer";
				COPY_PHASE_STRIP = NO;
				DEBUG_INFORMATION_FORMAT = "dwarf-with-dsym";
				ENABLE_NS_ASSERTIONS = NO;
				ENABLE_STRICT_OBJC_MSGSEND = YES;
				GCC_C_LANGUAGE_STANDARD = gnu11;
				GCC_NO_COMMON_BLOCKS = YES;
				GCC_WARN_64_TO_32_BIT_CONVERSION = YES;
				GCC_WARN_ABOUT_RETURN_TYPE = YES_ERROR;
				GCC_WARN_UNDECLARED_SELECTOR = YES;
				GCC_WARN_UNINITIALIZED_AUTOS = YES_AGGRESSIVE;
				GCC_WARN_UNUSED_FUNCTION = YES;
				GCC_WARN_UNUSED_VARIABLE = YES;
				IPHONEOS_DEPLOYMENT_TARGET = 12.2;
				MTL_ENABLE_DEBUG_INFO = NO;
				MTL_FAST_MATH = YES;
				SDKROOT = iphoneos;
				SWIFT_COMPILATION_MODE = wholemodule;
				SWIFT_OPTIMIZATION_LEVEL = "-O";
				VALIDATE_PRODUCT = YES;
			};
			name = Release;
		};
		D5D565A522B66DB800240BD9 /* Debug */ = {
			isa = XCBuildConfiguration;
			baseConfigurationReference = A9AB00FE71C9DCCF67836157 /* Pods-oinori.debug.xcconfig */;
			buildSettings = {
				ASSETCATALOG_COMPILER_APPICON_NAME = AppIcon;
				CODE_SIGN_STYLE = Automatic;
				DEVELOPMENT_TEAM = SKGH3PPX4X;
				INFOPLIST_FILE = oinori/Info.plist;
				IPHONEOS_DEPLOYMENT_TARGET = 12.1;
				LD_RUNPATH_SEARCH_PATHS = (
					"$(inherited)",
					"@executable_path/Frameworks",
				);
				PRODUCT_BUNDLE_IDENTIFIER = com.yodaaa.oinori;
				PRODUCT_NAME = "$(TARGET_NAME)";
				SWIFT_VERSION = 5.0;
				TARGETED_DEVICE_FAMILY = "1,2";
			};
			name = Debug;
		};
		D5D565A622B66DB800240BD9 /* Release */ = {
			isa = XCBuildConfiguration;
			baseConfigurationReference = 2ED9A345A2B471B497FC3155 /* Pods-oinori.release.xcconfig */;
			buildSettings = {
				ASSETCATALOG_COMPILER_APPICON_NAME = AppIcon;
				CODE_SIGN_STYLE = Automatic;
				DEVELOPMENT_TEAM = SKGH3PPX4X;
				INFOPLIST_FILE = oinori/Info.plist;
				IPHONEOS_DEPLOYMENT_TARGET = 12.1;
				LD_RUNPATH_SEARCH_PATHS = (
					"$(inherited)",
					"@executable_path/Frameworks",
				);
				PRODUCT_BUNDLE_IDENTIFIER = com.yodaaa.oinori;
				PRODUCT_NAME = "$(TARGET_NAME)";
				SWIFT_VERSION = 5.0;
				TARGETED_DEVICE_FAMILY = "1,2";
			};
			name = Release;
		};
/* End XCBuildConfiguration section */

/* Begin XCConfigurationList section */
		D5D5658D22B66DB500240BD9 /* Build configuration list for PBXProject "oinori" */ = {
			isa = XCConfigurationList;
			buildConfigurations = (
				D5D565A222B66DB800240BD9 /* Debug */,
				D5D565A322B66DB800240BD9 /* Release */,
			);
			defaultConfigurationIsVisible = 0;
			defaultConfigurationName = Release;
		};
		D5D565A422B66DB800240BD9 /* Build configuration list for PBXNativeTarget "oinori" */ = {
			isa = XCConfigurationList;
			buildConfigurations = (
				D5D565A522B66DB800240BD9 /* Debug */,
				D5D565A622B66DB800240BD9 /* Release */,
			);
			defaultConfigurationIsVisible = 0;
			defaultConfigurationName = Release;
		};
/* End XCConfigurationList section */
	};
	rootObject = D5D5658A22B66DB500240BD9 /* Project object */;
}
